
Microsoft Visual Studio Solution File, Format Version 12.00
# Visual Studio Version 17
VisualStudioVersion = 17.13.35913.81
MinimumVisualStudioVersion = 10.0.40219.1
Project("{FAE04EC0-301F-11D3-BF4B-00C04F79EFBC}") = "Core", "Core\Core.csproj", "{5ED06CAD-956C-C94D-BC0C-E89E30A887C2}"
EndProject
Project("{FAE04EC0-301F-11D3-BF4B-00C04F79EFBC}") = "Storage", "Storage\Storage.csproj", "{F98EC679-CB87-C239-C078-E161C2C5B92A}"
EndProject
Project("{FAE04EC0-301F-11D3-BF4B-00C04F79EFBC}") = "WebApplicationForSKRIN", "WebApplicationForSKRIN\WebApplicationForSKRIN.csproj", "{974F98DC-9105-601F-6F10-5EB42D68B20F}"
EndProject
Global
	GlobalSection(SolutionConfigurationPlatforms) = preSolution
		Debug|Any CPU = Debug|Any CPU
		Release|Any CPU = Release|Any CPU
	EndGlobalSection
	GlobalSection(ProjectConfigurationPlatforms) = postSolution
		{5ED06CAD-956C-C94D-BC0C-E89E30A887C2}.Debug|Any CPU.ActiveCfg = Debug|Any CPU
		{5ED06CAD-956C-C94D-BC0C-E89E30A887C2}.Debug|Any CPU.Build.0 = Debug|Any CPU
		{5ED06CAD-956C-C94D-BC0C-E89E30A887C2}.Release|Any CPU.ActiveCfg = Release|Any CPU
		{5ED06CAD-956C-C94D-BC0C-E89E30A887C2}.Release|Any CPU.Build.0 = Release|Any CPU
		{F98EC679-CB87-C239-C078-E161C2C5B92A}.Debug|Any CPU.ActiveCfg = Debug|Any CPU
		{F98EC679-CB87-C239-C078-E161C2C5B92A}.Debug|Any CPU.Build.0 = Debug|Any CPU
		{F98EC679-CB87-C239-C078-E161C2C5B92A}.Release|Any CPU.ActiveCfg = Release|Any CPU
		{F98EC679-CB87-C239-C078-E161C2C5B92A}.Release|Any CPU.Build.0 = Release|Any CPU
		{974F98DC-9105-601F-6F10-5EB42D68B20F}.Debug|Any CPU.ActiveCfg = Debug|Any CPU
		{974F98DC-9105-601F-6F10-5EB42D68B20F}.Debug|Any CPU.Build.0 = Debug|Any CPU
		{974F98DC-9105-601F-6F10-5EB42D68B20F}.Release|Any CPU.ActiveCfg = Release|Any CPU
		{974F98DC-9105-601F-6F10-5EB42D68B20F}.Release|Any CPU.Build.0 = Release|Any CPU
	EndGlobalSection
	GlobalSection(SolutionProperties) = preSolution
		HideSolutionNode = FALSE
	EndGlobalSection
	GlobalSection(ExtensibilityGlobals) = postSolution
		SolutionGuid = {38BBF9B2-0F02-4A3E-B1E6-25124D4760B9}
	EndGlobalSection
EndGlobal
